
Microsoft Visual Studio Solution File, Format Version 12.00
# Visual Studio 15
VisualStudioVersion = 15.0.26228.86
MinimumVisualStudioVersion = 10.0.40219.1
Project("{8BC9CEB8-8B4A-11D0-8D11-00A0C91BC942}") = "IntroductionToOOP", "IntroductionToOOP\IntroductionToOOP.vcxproj", "{9214590C-0B44-4E66-89BB-8229D0217B4C}"
EndProject
Project("{8BC9CEB8-8B4A-11D0-8D11-00A0C91BC942}") = "Fraction", "Fraction\Fraction.vcxproj", "{12622E4D-5343-4415-BCE5-CC4C4ECB61F2}"
EndProject
Project("{8BC9CEB8-8B4A-11D0-8D11-00A0C91BC942}") = "String", "String\String.vcxproj", "{2849D4A3-1735-441D-8E15-6700302959F9}"
EndProject
Global
	GlobalSection(SolutionConfigurationPlatforms) = preSolution
		Debug|x64 = Debug|x64
		Debug|x86 = Debug|x86
		Release|x64 = Release|x64
		Release|x86 = Release|x86
	EndGlobalSection
	GlobalSection(ProjectConfigurationPlatforms) = postSolution
		{9214590C-0B44-4E66-89BB-8229D0217B4C}.Debug|x64.ActiveCfg = Debug|x64
		{9214590C-0B44-4E66-89BB-8229D0217B4C}.Debug|x64.Build.0 = Debug|x64
		{9214590C-0B44-4E66-89BB-8229D0217B4C}.Debug|x86.ActiveCfg = Debug|Win32
		{9214590C-0B44-4E66-89BB-8229D0217B4C}.Debug|x86.Build.0 = Debug|Win32
		{9214590C-0B44-4E66-89BB-8229D0217B4C}.Release|x64.ActiveCfg = Release|x64
		{9214590C-0B44-4E66-89BB-8229D0217B4C}.Release|x64.Build.0 = Release|x64
		{9214590C-0B44-4E66-89BB-8229D0217B4C}.Release|x86.ActiveCfg = Release|Win32
		{9214590C-0B44-4E66-89BB-8229D0217B4C}.Release|x86.Build.0 = Release|Win32
		{12622E4D-5343-4415-BCE5-CC4C4ECB61F2}.Debug|x64.ActiveCfg = Debug|x64
		{12622E4D-5343-4415-BCE5-CC4C4ECB61F2}.Debug|x64.Build.0 = Debug|x64
		{12622E4D-5343-4415-BCE5-CC4C4ECB61F2}.Debug|x86.ActiveCfg = Debug|Win32
		{12622E4D-5343-4415-BCE5-CC4C4ECB61F2}.Debug|x86.Build.0 = Debug|Win32
		{12622E4D-5343-4415-BCE5-CC4C4ECB61F2}.Release|x64.ActiveCfg = Release|x64
		{12622E4D-5343-4415-BCE5-CC4C4ECB61F2}.Release|x64.Build.0 = Release|x64
		{12622E4D-5343-4415-BCE5-CC4C4ECB61F2}.Release|x86.ActiveCfg = Release|Win32
		{12622E4D-5343-4415-BCE5-CC4C4ECB61F2}.Release|x86.Build.0 = Release|Win32
		{2849D4A3-1735-441D-8E15-6700302959F9}.Debug|x64.ActiveCfg = Debug|x64
		{2849D4A3-1735-441D-8E15-6700302959F9}.Debug|x64.Build.0 = Debug|x64
		{2849D4A3-1735-441D-8E15-6700302959F9}.Debug|x86.ActiveCfg = Debug|Win32
		{2849D4A3-1735-441D-8E15-6700302959F9}.Debug|x86.Build.0 = Debug|Win32
		{2849D4A3-1735-441D-8E15-6700302959F9}.Release|x64.ActiveCfg = Release|x64
		{2849D4A3-1735-441D-8E15-6700302959F9}.Release|x64.Build.0 = Release|x64
		{2849D4A3-1735-441D-8E15-6700302959F9}.Release|x86.ActiveCfg = Release|Win32
		{2849D4A3-1735-441D-8E15-6700302959F9}.Release|x86.Build.0 = Release|Win32
	EndGlobalSection
	GlobalSection(SolutionProperties) = preSolution
		HideSolutionNode = FALSE
	EndGlobalSection
EndGlobal
